// !$*UTF8*$!
{
	archiveVersion = 1;
	classes = {
	};
	objectVersion = 46;
	objects = {

/* Begin PBXBuildFile section */
		84994F161EAE385C00B0E1FD /* AppDelegate.swift in Sources */ = {isa = PBXBuildFile; fileRef = 84994F151EAE385C00B0E1FD /* AppDelegate.swift */; };
		84994F181EAE385C00B0E1FD /* ViewController.swift in Sources */ = {isa = PBXBuildFile; fileRef = 84994F171EAE385C00B0E1FD /* ViewController.swift */; };
		84994F1B1EAE385C00B0E1FD /* Main.storyboard in Resources */ = {isa = PBXBuildFile; fileRef = 84994F191EAE385C00B0E1FD /* Main.storyboard */; };
		84994F1D1EAE385C00B0E1FD /* Assets.xcassets in Resources */ = {isa = PBXBuildFile; fileRef = 84994F1C1EAE385C00B0E1FD /* Assets.xcassets */; };
		84994F201EAE385C00B0E1FD /* LaunchScreen.storyboard in Resources */ = {isa = PBXBuildFile; fileRef = 84994F1E1EAE385C00B0E1FD /* LaunchScreen.storyboard */; };
		84994F2B1EAE385D00B0E1FD /* BDDExamplesSwiftTests.swift in Sources */ = {isa = PBXBuildFile; fileRef = 84994F2A1EAE385D00B0E1FD /* BDDExamplesSwiftTests.swift */; };
/* End PBXBuildFile section */

/* Begin PBXContainerItemProxy section */
		84994F271EAE385D00B0E1FD /* PBXContainerItemProxy */ = {
			isa = PBXContainerItemProxy;
			containerPortal = 84994F0A1EAE385C00B0E1FD /* Project object */;
			proxyType = 1;
			remoteGlobalIDString = 84994F111EAE385C00B0E1FD;
			remoteInfo = BDDExamplesSwift;
		};
/* End PBXContainerItemProxy section */

/* Begin PBXFileReference section */
		84994F121EAE385C00B0E1FD /* BDDExamplesSwift.app */ = {isa = PBXFileReference; explicitFileType = wrapper.application; includeInIndex = 0; path = BDDExamplesSwift.app; sourceTree = BUILT_PRODUCTS_DIR; };
		84994F151EAE385C00B0E1FD /* AppDelegate.swift */ = {isa = PBXFileReference; lastKnownFileType = sourcecode.swift; path = AppDelegate.swift; sourceTree = "<group>"; };
		84994F171EAE385C00B0E1FD /* ViewController.swift */ = {isa = PBXFileReference; lastKnownFileType = sourcecode.swift; path = ViewController.swift; sourceTree = "<group>"; };
		84994F1A1EAE385C00B0E1FD /* Base */ = {isa = PBXFileReference; lastKnownFileType = file.storyboard; name = Base; path = Base.lproj/Main.storyboard; sourceTree = "<group>"; };
		84994F1C1EAE385C00B0E1FD /* Assets.xcassets */ = {isa = PBXFileReference; lastKnownFileType = folder.assetcatalog; path = Assets.xcassets; sourceTree = "<group>"; };
		84994F1F1EAE385C00B0E1FD /* Base */ = {isa = PBXFileReference; lastKnownFileType = file.storyboard; name = Base; path = Base.lproj/LaunchScreen.storyboard; sourceTree = "<group>"; };
		84994F211EAE385C00B0E1FD /* Info.plist */ = {isa = PBXFileReference; lastKnownFileType = text.plist.xml; path = Info.plist; sourceTree = "<group>"; };
		84994F261EAE385D00B0E1FD /* BDDExamplesSwiftTests.xctest */ = {isa = PBXFileReference; explicitFileType = wrapper.cfbundle; includeInIndex = 0; path = BDDExamplesSwiftTests.xctest; sourceTree = BUILT_PRODUCTS_DIR; };
		84994F2A1EAE385D00B0E1FD /* BDDExamplesSwiftTests.swift */ = {isa = PBXFileReference; lastKnownFileType = sourcecode.swift; path = BDDExamplesSwiftTests.swift; sourceTree = "<group>"; };
		84994F2C1EAE385D00B0E1FD /* Info.plist */ = {isa = PBXFileReference; lastKnownFileType = text.plist.xml; path = Info.plist; sourceTree = "<group>"; };
/* End PBXFileReference section */

/* Begin PBXFrameworksBuildPhase section */
		84994F0F1EAE385C00B0E1FD /* Frameworks */ = {
			isa = PBXFrameworksBuildPhase;
			buildActionMask = 2147483647;
			files = (
			);
			runOnlyForDeploymentPostprocessing = 0;
		};
		84994F231EAE385D00B0E1FD /* Frameworks */ = {
			isa = PBXFrameworksBuildPhase;
			buildActionMask = 2147483647;
			files = (
			);
			runOnlyForDeploymentPostprocessing = 0;
		};
/* End PBXFrameworksBuildPhase section */

/* Begin PBXGroup section */
		84994F091EAE385C00B0E1FD = {
			isa = PBXGroup;
			children = (
				84994F141EAE385C00B0E1FD /* BDDExamplesSwift */,
				84994F291EAE385D00B0E1FD /* BDDExamplesSwiftTests */,
				84994F131EAE385C00B0E1FD /* Products */,
			);
			sourceTree = "<group>";
		};
		84994F131EAE385C00B0E1FD /* Products */ = {
			isa = PBXGroup;
			children = (
				84994F121EAE385C00B0E1FD /* BDDExamplesSwift.app */,
				84994F261EAE385D00B0E1FD /* BDDExamplesSwiftTests.xctest */,
			);
			name = Products;
			sourceTree = "<group>";
		};
		84994F141EAE385C00B0E1FD /* BDDExamplesSwift */ = {
			isa = PBXGroup;
			children = (
				84994F381EAE38BF00B0E1FD /* Helpers */,
				84994F371EAE38A100B0E1FD /* Bar Button Item */,
				84994F361EAE388A00B0E1FD /* Messsage Formatter */,
				84994F351EAE387300B0E1FD /* Login View Controller */,
				84994F151EAE385C00B0E1FD /* AppDelegate.swift */,
				84994F171EAE385C00B0E1FD /* ViewController.swift */,
				84994F191EAE385C00B0E1FD /* Main.storyboard */,
				84994F1C1EAE385C00B0E1FD /* Assets.xcassets */,
				84994F1E1EAE385C00B0E1FD /* LaunchScreen.storyboard */,
				84994F211EAE385C00B0E1FD /* Info.plist */,
			);
			path = BDDExamplesSwift;
			sourceTree = "<group>";
		};
		84994F291EAE385D00B0E1FD /* BDDExamplesSwiftTests */ = {
			isa = PBXGroup;
			children = (
				84994F2A1EAE385D00B0E1FD /* BDDExamplesSwiftTests.swift */,
				84994F2C1EAE385D00B0E1FD /* Info.plist */,
			);
			path = BDDExamplesSwiftTests;
			sourceTree = "<group>";
		};
		84994F351EAE387300B0E1FD /* Login View Controller */ = {
			isa = PBXGroup;
			children = (
			);
			name = "Login View Controller";
			sourceTree = "<group>";
		};
		84994F361EAE388A00B0E1FD /* Messsage Formatter */ = {
			isa = PBXGroup;
			children = (
			);
			name = "Messsage Formatter";
			sourceTree = "<group>";
		};
		84994F371EAE38A100B0E1FD /* Bar Button Item */ = {
			isa = PBXGroup;
			children = (
			);
			name = "Bar Button Item";
			sourceTree = "<group>";
		};
		84994F381EAE38BF00B0E1FD /* Helpers */ = {
			isa = PBXGroup;
			children = (
			);
			name = Helpers;
			sourceTree = "<group>";
		};
/* End PBXGroup section */

/* Begin PBXNativeTarget section */
		84994F111EAE385C00B0E1FD /* BDDExamplesSwift */ = {
			isa = PBXNativeTarget;
			buildConfigurationList = 84994F2F1EAE385D00B0E1FD /* Build configuration list for PBXNativeTarget "BDDExamplesSwift" */;
			buildPhases = (
				84994F0E1EAE385C00B0E1FD /* Sources */,
				84994F0F1EAE385C00B0E1FD /* Frameworks */,
				84994F101EAE385C00B0E1FD /* Resources */,
			);
			buildRules = (
			);
			dependencies = (
			);
			name = BDDExamplesSwift;
			productName = BDDExamplesSwift;
			productReference = 84994F121EAE385C00B0E1FD /* BDDExamplesSwift.app */;
			productType = "com.apple.product-type.application";
		};
		84994F251EAE385D00B0E1FD /* BDDExamplesSwiftTests */ = {
			isa = PBXNativeTarget;
			buildConfigurationList = 84994F321EAE385D00B0E1FD /* Build configuration list for PBXNativeTarget "BDDExamplesSwiftTests" */;
			buildPhases = (
				84994F221EAE385D00B0E1FD /* Sources */,
				84994F231EAE385D00B0E1FD /* Frameworks */,
				84994F241EAE385D00B0E1FD /* Resources */,
			);
			buildRules = (
			);
			dependencies = (
				84994F281EAE385D00B0E1FD /* PBXTargetDependency */,
			);
			name = BDDExamplesSwiftTests;
			productName = BDDExamplesSwiftTests;
			productReference = 84994F261EAE385D00B0E1FD /* BDDExamplesSwiftTests.xctest */;
			productType = "com.apple.product-type.bundle.unit-test";
		};
/* End PBXNativeTarget section */

/* Begin PBXProject section */
		84994F0A1EAE385C00B0E1FD /* Project object */ = {
			isa = PBXProject;
			attributes = {
				LastSwiftUpdateCheck = 0830;
				LastUpgradeCheck = 0830;
				ORGANIZATIONNAME = huoshuguang;
				TargetAttributes = {
					84994F111EAE385C00B0E1FD = {
						CreatedOnToolsVersion = 8.3.2;
						ProvisioningStyle = Automatic;
					};
					84994F251EAE385D00B0E1FD = {
						CreatedOnToolsVersion = 8.3.2;
						ProvisioningStyle = Automatic;
						TestTargetID = 84994F111EAE385C00B0E1FD;
					};
				};
			};
			buildConfigurationList = 84994F0D1EAE385C00B0E1FD /* Build configuration list for PBXProject "BDDExamplesSwift" */;
			compatibilityVersion = "Xcode 3.2";
			developmentRegion = English;
			hasScannedForEncodings = 0;
			knownRegions = (
				en,
				Base,
			);
			mainGroup = 84994F091EAE385C00B0E1FD;
			productRefGroup = 84994F131EAE385C00B0E1FD /* Products */;
			projectDirPath = "";
			projectRoot = "";
			targets = (
				84994F111EAE385C00B0E1FD /* BDDExamplesSwift */,
				84994F251EAE385D00B0E1FD /* BDDExamplesSwiftTests */,
			);
		};
/* End PBXProject section */

/* Begin PBXResourcesBuildPhase section */
		84994F101EAE385C00B0E1FD /* Resources */ = {
			isa = PBXResourcesBuildPhase;
			buildActionMask = 2147483647;
			files = (
				84994F201EAE385C00B0E1FD /* LaunchScreen.storyboard in Resources */,
				84994F1D1EAE385C00B0E1FD /* Assets.xcassets in Resources */,
				84994F1B1EAE385C00B0E1FD /* Main.storyboard in Resources */,
			);
			runOnlyForDeploymentPostprocessing = 0;
		};
		84994F241EAE385D00B0E1FD /* Resources */ = {
			isa = PBXResourcesBuildPhase;
			buildActionMask = 2147483647;
			files = (
			);
			runOnlyForDeploymentPostprocessing = 0;
		};
/* End PBXResourcesBuildPhase section */

/* Begin PBXSourcesBuildPhase section */
		84994F0E1EAE385C00B0E1FD /* Sources */ = {
			isa = PBXSourcesBuildPhase;
			buildActionMask = 2147483647;
			files = (
				84994F181EAE385C00B0E1FD /* ViewController.swift in Sources */,
				84994F161EAE385C00B0E1FD /* AppDelegate.swift in Sources */,
			);
			runOnlyForDeploymentPostprocessing = 0;
		};
		84994F221EAE385D00B0E1FD /* Sources */ = {
			isa = PBXSourcesBuildPhase;
			buildActionMask = 2147483647;
			files = (
				84994F2B1EAE385D00B0E1FD /* BDDExamplesSwiftTests.swift in Sources */,
			);
			runOnlyForDeploymentPostprocessing = 0;
		};
/* End PBXSourcesBuildPhase section */

/* Begin PBXTargetDependency section */
		84994F281EAE385D00B0E1FD /* PBXTargetDependency */ = {
			isa = PBXTargetDependency;
			target = 84994F111EAE385C00B0E1FD /* BDDExamplesSwift */;
			targetProxy = 84994F271EAE385D00B0E1FD /* PBXContainerItemProxy */;
		};
/* End PBXTargetDependency section */

/* Begin PBXVariantGroup section */
		84994F191EAE385C00B0E1FD /* Main.storyboard */ = {
			isa = PBXVariantGroup;
			children = (
				84994F1A1EAE385C00B0E1FD /* Base */,
			);
			name = Main.storyboard;
			sourceTree = "<group>";
		};
		84994F1E1EAE385C00B0E1FD /* LaunchScreen.storyboard */ = {
			isa = PBXVariantGroup;
			children = (
				84994F1F1EAE385C00B0E1FD /* Base */,
			);
			name = LaunchScreen.storyboard;
			sourceTree = "<group>";
		};
/* End PBXVariantGroup section */

/* Begin XCBuildConfiguration section */
		84994F2D1EAE385D00B0E1FD /* Debug */ = {
			isa = XCBuildConfiguration;
			buildSettings = {
				ALWAYS_SEARCH_USER_PATHS = NO;
				CLANG_ANALYZER_NONNULL = YES;
				CLANG_ANALYZER_NUMBER_OBJECT_CONVERSION = YES_AGGRESSIVE;
				CLANG_CXX_LANGUAGE_STANDARD = "gnu++0x";
				CLANG_CXX_LIBRARY = "libc++";
				CLANG_ENABLE_MODULES = YES;
				CLANG_ENABLE_OBJC_ARC = YES;
				CLANG_WARN_BOOL_CONVERSION = YES;
				CLANG_WARN_CONSTANT_CONVERSION = YES;
				CLANG_WARN_DIRECT_OBJC_ISA_USAGE = YES_ERROR;
				CLANG_WARN_DOCUMENTATION_COMMENTS = YES;
				CLANG_WARN_EMPTY_BODY = YES;
				CLANG_WARN_ENUM_CONVERSION = YES;
				CLANG_WARN_INFINITE_RECURSION = YES;
				CLANG_WARN_INT_CONVERSION = YES;
				CLANG_WARN_OBJC_ROOT_CLASS = YES_ERROR;
				CLANG_WARN_SUSPICIOUS_MOVE = YES;
				CLANG_WARN_UNREACHABLE_CODE = YES;
				CLANG_WARN__DUPLICATE_METHOD_MATCH = YES;
				"CODE_SIGN_IDENTITY[sdk=iphoneos*]" = "iPhone Developer";
				COPY_PHASE_STRIP = NO;
				DEBUG_INFORMATION_FORMAT = dwarf;
				ENABLE_STRICT_OBJC_MSGSEND = YES;
				ENABLE_TESTABILITY = YES;
				GCC_C_LANGUAGE_STANDARD = gnu99;
				GCC_DYNAMIC_NO_PIC = NO;
				GCC_NO_COMMON_BLOCKS = YES;
				GCC_OPTIMIZATION_LEVEL = 0;
				GCC_PREPROCESSOR_DEFINITIONS = (
					"DEBUG=1",
					"$(inherited)",
				);
				GCC_WARN_64_TO_32_BIT_CONVERSION = YES;
				GCC_WARN_ABOUT_RETURN_TYPE = YES_ERROR;
				GCC_WARN_UNDECLARED_SELECTOR = YES;
				GCC_WARN_UNINITIALIZED_AUTOS = YES_AGGRESSIVE;
				GCC_WARN_UNUSED_FUNCTION = YES;
				GCC_WARN_UNUSED_VARIABLE = YES;
				IPHONEOS_DEPLOYMENT_TARGET = 10.3;
				MTL_ENABLE_DEBUG_INFO = YES;
				ONLY_ACTIVE_ARCH = YES;
				SDKROOT = iphoneos;
				SWIFT_ACTIVE_COMPILATION_CONDITIONS = DEBUG;
				SWIFT_OPTIMIZATION_LEVEL = "-Onone";
				TARGETED_DEVICE_FAMILY = "1,2";
			};
			name = Debug;
		};
		84994F2E1EAE385D00B0E1FD /* Release */ = {
			isa = XCBuildConfiguration;
			buildSettings = {
				ALWAYS_SEARCH_USER_PATHS = NO;
				CLANG_ANALYZER_NONNULL = YES;
				CLANG_ANALYZER_NUMBER_OBJECT_CONVERSION = YES_AGGRESSIVE;
				CLANG_CXX_LANGUAGE_STANDARD = "gnu++0x";
				CLANG_CXX_LIBRARY = "libc++";
				CLANG_ENABLE_MODULES = YES;
				CLANG_ENABLE_OBJC_ARC = YES;
				CLANG_WARN_BOOL_CONVERSION = YES;
				CLANG_WARN_CONSTANT_CONVERSION = YES;
				CLANG_WARN_DIRECT_OBJC_ISA_USAGE = YES_ERROR;
				CLANG_WARN_DOCUMENTATION_COMMENTS = YES;
				CLANG_WARN_EMPTY_BODY = YES;
				CLANG_WARN_ENUM_CONVERSION = YES;
				CLANG_WARN_INFINITE_RECURSION = YES;
				CLANG_WARN_INT_CONVERSION = YES;
				CLANG_WARN_OBJC_ROOT_CLASS = YES_ERROR;
				CLANG_WARN_SUSPICIOUS_MOVE = YES;
				CLANG_WARN_UNREACHABLE_CODE = YES;
				CLANG_WARN__DUPLICATE_METHOD_MATCH = YES;
				"CODE_SIGN_IDENTITY[sdk=iphoneos*]" = "iPhone Developer";
				COPY_PHASE_STRIP = NO;
				DEBUG_INFORMATION_FORMAT = "dwarf-with-dsym";
				ENABLE_NS_ASSERTIONS = NO;
				ENABLE_STRICT_OBJC_MSGSEND = YES;
				GCC_C_LANGUAGE_STANDARD = gnu99;
				GCC_NO_COMMON_BLOCKS = YES;
				GCC_WARN_64_TO_32_BIT_CONVERSION = YES;
				GCC_WARN_ABOUT_RETURN_TYPE = YES_ERROR;
				GCC_WARN_UNDECLARED_SELECTOR = YES;
				GCC_WARN_UNINITIALIZED_AUTOS = YES_AGGRESSIVE;
				GCC_WARN_UNUSED_FUNCTION = YES;
				GCC_WARN_UNUSED_VARIABLE = YES;
				IPHONEOS_DEPLOYMENT_TARGET = 10.3;
				MTL_ENABLE_DEBUG_INFO = NO;
				SDKROOT = iphoneos;
				SWIFT_OPTIMIZATION_LEVEL = "-Owholemodule";
				TARGETED_DEVICE_FAMILY = "1,2";
				VALIDATE_PRODUCT = YES;
			};
			name = Release;
		};
		84994F301EAE385D00B0E1FD /* Debug */ = {
			isa = XCBuildConfiguration;
			buildSettings = {
				ASSETCATALOG_COMPILER_APPICON_NAME = AppIcon;
				INFOPLIST_FILE = BDDExamplesSwift/Info.plist;
				LD_RUNPATH_SEARCH_PATHS = "$(inherited) @executable_path/Frameworks";
				PRODUCT_BUNDLE_IDENTIFIER = com.Layer.Animations.BDDExamplesSwift;
				PRODUCT_NAME = "$(TARGET_NAME)";
				SWIFT_VERSION = 3.0;
			};
			name = Debug;
		};
		84994F311EAE385D00B0E1FD /* Release */ = {
			isa = XCBuildConfiguration;
			buildSettings = {
				ASSETCATALOG_COMPILER_APPICON_NAME = AppIcon;
				INFOPLIST_FILE = BDDExamplesSwift/Info.plist;
				LD_RUNPATH_SEARCH_PATHS = "$(inherited) @executable_path/Frameworks";
				PRODUCT_BUNDLE_IDENTIFIER = com.Layer.Animations.BDDExamplesSwift;
				PRODUCT_NAME = "$(TARGET_NAME)";
				SWIFT_VERSION = 3.0;
			};
			name = Release;
		};
		84994F331EAE385D00B0E1FD /* Debug */ = {
			isa = XCBuildConfiguration;
			buildSettings = {
				ALWAYS_EMBED_SWIFT_STANDARD_LIBRARIES = YES;
				BUNDLE_LOADER = "$(TEST_HOST)";
				INFOPLIST_FILE = BDDExamplesSwiftTests/Info.plist;
				LD_RUNPATH_SEARCH_PATHS = "$(inherited) @executable_path/Frameworks @loader_path/Frameworks";
				PRODUCT_BUNDLE_IDENTIFIER = com.Layer.Animations.BDDExamplesSwiftTests;
				PRODUCT_NAME = "$(TARGET_NAME)";
				SWIFT_VERSION = 3.0;
				TEST_HOST = "$(BUILT_PRODUCTS_DIR)/BDDExamplesSwift.app/BDDExamplesSwift";
			};
			name = Debug;
		};
		84994F341EAE385D00B0E1FD /* Release */ = {
			isa = XCBuildConfiguration;
			buildSettings = {
				ALWAYS_EMBED_SWIFT_STANDARD_LIBRARIES = YES;
				BUNDLE_LOADER = "$(TEST_HOST)";
				INFOPLIST_FILE = BDDExamplesSwiftTests/Info.plist;
				LD_RUNPATH_SEARCH_PATHS = "$(inherited) @executable_path/Frameworks @loader_path/Frameworks";
				PRODUCT_BUNDLE_IDENTIFIER = com.Layer.Animations.BDDExamplesSwiftTests;
				PRODUCT_NAME = "$(TARGET_NAME)";
				SWIFT_VERSION = 3.0;
				TEST_HOST = "$(BUILT_PRODUCTS_DIR)/BDDExamplesSwift.app/BDDExamplesSwift";
			};
			name = Release;
		};
/* End XCBuildConfiguration section */

/* Begin XCConfigurationList section */
		84994F0D1EAE385C00B0E1FD /* Build configuration list for PBXProject "BDDExamplesSwift" */ = {
			isa = XCConfigurationList;
			buildConfigurations = (
				84994F2D1EAE385D00B0E1FD /* Debug */,
				84994F2E1EAE385D00B0E1FD /* Release */,
			);
			defaultConfigurationIsVisible = 0;
			defaultConfigurationName = Release;
		};
		84994F2F1EAE385D00B0E1FD /* Build configuration list for PBXNativeTarget "BDDExamplesSwift" */ = {
			isa = XCConfigurationList;
			buildConfigurations = (
				84994F301EAE385D00B0E1FD /* Debug */,
				84994F311EAE385D00B0E1FD /* Release */,
			);
			defaultConfigurationIsVisible = 0;
		};
		84994F321EAE385D00B0E1FD /* Build configuration list for PBXNativeTarget "BDDExamplesSwiftTests" */ = {
			isa = XCConfigurationList;
			buildConfigurations = (
				84994F331EAE385D00B0E1FD /* Debug */,
				84994F341EAE385D00B0E1FD /* Release */,
			);
			defaultConfigurationIsVisible = 0;
		};
/* End XCConfigurationList section */
	};
	rootObject = 84994F0A1EAE385C00B0E1FD /* Project object */;
}
