// !$*UTF8*$!
{
	archiveVersion = 1;
	classes = {
	};
	objectVersion = 46;
	objects = {

/* Begin PBXBuildFile section */
		7B83CF380B50F2432F36016F /* Pods_BDDExamplesSwiftUITests.framework in Frameworks */ = {isa = PBXBuildFile; fileRef = B3DAAF5AB69BB0A2920F1C28 /* Pods_BDDExamplesSwiftUITests.framework */; };
		84994F161EAE385C00B0E1FD /* AppDelegate.swift in Sources */ = {isa = PBXBuildFile; fileRef = 84994F151EAE385C00B0E1FD /* AppDelegate.swift */; };
		84994F181EAE385C00B0E1FD /* ViewController.swift in Sources */ = {isa = PBXBuildFile; fileRef = 84994F171EAE385C00B0E1FD /* ViewController.swift */; };
		84994F1B1EAE385C00B0E1FD /* Main.storyboard in Resources */ = {isa = PBXBuildFile; fileRef = 84994F191EAE385C00B0E1FD /* Main.storyboard */; };
		84994F1D1EAE385C00B0E1FD /* Assets.xcassets in Resources */ = {isa = PBXBuildFile; fileRef = 84994F1C1EAE385C00B0E1FD /* Assets.xcassets */; };
		84994F201EAE385C00B0E1FD /* LaunchScreen.storyboard in Resources */ = {isa = PBXBuildFile; fileRef = 84994F1E1EAE385C00B0E1FD /* LaunchScreen.storyboard */; };
		84994F2B1EAE385D00B0E1FD /* BDDExamplesSwiftTests.swift in Sources */ = {isa = PBXBuildFile; fileRef = 84994F2A1EAE385D00B0E1FD /* BDDExamplesSwiftTests.swift */; };
		84994F401EAEC16800B0E1FD /* BDDExamplesSwiftUITests.swift in Sources */ = {isa = PBXBuildFile; fileRef = 84994F3F1EAEC16800B0E1FD /* BDDExamplesSwiftUITests.swift */; };
		84994F4D1EAF961D00B0E1FD /* SignInViewController.swift in Sources */ = {isa = PBXBuildFile; fileRef = 84994F4C1EAF961D00B0E1FD /* SignInViewController.swift */; };
		D2D995E01EB03A45004A509A /* EventDescriptionFormatter.swift in Sources */ = {isa = PBXBuildFile; fileRef = D2D995DF1EB03A44004A509A /* EventDescriptionFormatter.swift */; };
		D2D995E21EB048F1004A509A /* EventDescriptionFormatterSpec.swift in Sources */ = {isa = PBXBuildFile; fileRef = D2D995E11EB048F1004A509A /* EventDescriptionFormatterSpec.swift */; };
		D2D995E41EB09B1C004A509A /* OCMockHepler.swift in Sources */ = {isa = PBXBuildFile; fileRef = D2D995E31EB09B1B004A509A /* OCMockHepler.swift */; };
		D2EABB7B1EB1BF9C00088A73 /* OCMockStubHepler.m in Sources */ = {isa = PBXBuildFile; fileRef = D2EABB7A1EB1BF9C00088A73 /* OCMockStubHepler.m */; };
		D2EABB7E1EB1C01000088A73 /* BDDTest.m in Sources */ = {isa = PBXBuildFile; fileRef = D2EABB7D1EB1C01000088A73 /* BDDTest.m */; };
		DF3A7218FCD9F79C04A7BDB1 /* Pods_BDDExamplesSwift.framework in Frameworks */ = {isa = PBXBuildFile; fileRef = 513062BC355969D2767CD102 /* Pods_BDDExamplesSwift.framework */; };
		E3F23BA268BCEE6A8D3F33A2 /* Pods_BDDExamplesSwiftTests.framework in Frameworks */ = {isa = PBXBuildFile; fileRef = 0E2B362CD1F8E3502D127921 /* Pods_BDDExamplesSwiftTests.framework */; };
/* End PBXBuildFile section */

/* Begin PBXContainerItemProxy section */
		84994F271EAE385D00B0E1FD /* PBXContainerItemProxy */ = {
			isa = PBXContainerItemProxy;
			containerPortal = 84994F0A1EAE385C00B0E1FD /* Project object */;
			proxyType = 1;
			remoteGlobalIDString = 84994F111EAE385C00B0E1FD;
			remoteInfo = BDDExamplesSwift;
		};
		84994F421EAEC16800B0E1FD /* PBXContainerItemProxy */ = {
			isa = PBXContainerItemProxy;
			containerPortal = 84994F0A1EAE385C00B0E1FD /* Project object */;
			proxyType = 1;
			remoteGlobalIDString = 84994F111EAE385C00B0E1FD;
			remoteInfo = BDDExamplesSwift;
		};
/* End PBXContainerItemProxy section */

/* Begin PBXFileReference section */
		0E2B362CD1F8E3502D127921 /* Pods_BDDExamplesSwiftTests.framework */ = {isa = PBXFileReference; explicitFileType = wrapper.framework; includeInIndex = 0; path = Pods_BDDExamplesSwiftTests.framework; sourceTree = BUILT_PRODUCTS_DIR; };
		4EFE760DB2822F3FFEDE3BD9 /* Pods-BDDExamplesSwift.debug.xcconfig */ = {isa = PBXFileReference; includeInIndex = 1; lastKnownFileType = text.xcconfig; name = "Pods-BDDExamplesSwift.debug.xcconfig"; path = "Pods/Target Support Files/Pods-BDDExamplesSwift/Pods-BDDExamplesSwift.debug.xcconfig"; sourceTree = "<group>"; };
		513062BC355969D2767CD102 /* Pods_BDDExamplesSwift.framework */ = {isa = PBXFileReference; explicitFileType = wrapper.framework; includeInIndex = 0; path = Pods_BDDExamplesSwift.framework; sourceTree = BUILT_PRODUCTS_DIR; };
		5F0B1F94855C6984FB418B89 /* Pods-BDDExamplesSwiftTests.release.xcconfig */ = {isa = PBXFileReference; includeInIndex = 1; lastKnownFileType = text.xcconfig; name = "Pods-BDDExamplesSwiftTests.release.xcconfig"; path = "Pods/Target Support Files/Pods-BDDExamplesSwiftTests/Pods-BDDExamplesSwiftTests.release.xcconfig"; sourceTree = "<group>"; };
		84994F121EAE385C00B0E1FD /* BDDExamplesSwift.app */ = {isa = PBXFileReference; explicitFileType = wrapper.application; includeInIndex = 0; path = BDDExamplesSwift.app; sourceTree = BUILT_PRODUCTS_DIR; };
		84994F151EAE385C00B0E1FD /* AppDelegate.swift */ = {isa = PBXFileReference; lastKnownFileType = sourcecode.swift; path = AppDelegate.swift; sourceTree = "<group>"; };
		84994F171EAE385C00B0E1FD /* ViewController.swift */ = {isa = PBXFileReference; lastKnownFileType = sourcecode.swift; path = ViewController.swift; sourceTree = "<group>"; };
		84994F1A1EAE385C00B0E1FD /* Base */ = {isa = PBXFileReference; lastKnownFileType = file.storyboard; name = Base; path = Base.lproj/Main.storyboard; sourceTree = "<group>"; };
		84994F1C1EAE385C00B0E1FD /* Assets.xcassets */ = {isa = PBXFileReference; lastKnownFileType = folder.assetcatalog; path = Assets.xcassets; sourceTree = "<group>"; };
		84994F1F1EAE385C00B0E1FD /* Base */ = {isa = PBXFileReference; lastKnownFileType = file.storyboard; name = Base; path = Base.lproj/LaunchScreen.storyboard; sourceTree = "<group>"; };
		84994F211EAE385C00B0E1FD /* Info.plist */ = {isa = PBXFileReference; lastKnownFileType = text.plist.xml; path = Info.plist; sourceTree = "<group>"; };
		84994F261EAE385D00B0E1FD /* BDDExamplesSwiftTests.xctest */ = {isa = PBXFileReference; explicitFileType = wrapper.cfbundle; includeInIndex = 0; path = BDDExamplesSwiftTests.xctest; sourceTree = BUILT_PRODUCTS_DIR; };
		84994F2A1EAE385D00B0E1FD /* BDDExamplesSwiftTests.swift */ = {isa = PBXFileReference; lastKnownFileType = sourcecode.swift; path = BDDExamplesSwiftTests.swift; sourceTree = "<group>"; };
		84994F2C1EAE385D00B0E1FD /* Info.plist */ = {isa = PBXFileReference; lastKnownFileType = text.plist.xml; path = Info.plist; sourceTree = "<group>"; };
		84994F3D1EAEC16800B0E1FD /* BDDExamplesSwiftUITests.xctest */ = {isa = PBXFileReference; explicitFileType = wrapper.cfbundle; includeInIndex = 0; path = BDDExamplesSwiftUITests.xctest; sourceTree = BUILT_PRODUCTS_DIR; };
		84994F3F1EAEC16800B0E1FD /* BDDExamplesSwiftUITests.swift */ = {isa = PBXFileReference; lastKnownFileType = sourcecode.swift; path = BDDExamplesSwiftUITests.swift; sourceTree = "<group>"; };
		84994F411EAEC16800B0E1FD /* Info.plist */ = {isa = PBXFileReference; lastKnownFileType = text.plist.xml; path = Info.plist; sourceTree = "<group>"; };
		84994F471EAEC66B00B0E1FD /* README.md */ = {isa = PBXFileReference; lastKnownFileType = net.daringfireball.markdown; path = README.md; sourceTree = "<group>"; };
		84994F4C1EAF961D00B0E1FD /* SignInViewController.swift */ = {isa = PBXFileReference; fileEncoding = 4; lastKnownFileType = sourcecode.swift; name = SignInViewController.swift; path = viewController/SignInViewController.swift; sourceTree = "<group>"; };
		89816BFED850B069827DA5FC /* Pods-BDDExamplesSwiftUITests.release.xcconfig */ = {isa = PBXFileReference; includeInIndex = 1; lastKnownFileType = text.xcconfig; name = "Pods-BDDExamplesSwiftUITests.release.xcconfig"; path = "Pods/Target Support Files/Pods-BDDExamplesSwiftUITests/Pods-BDDExamplesSwiftUITests.release.xcconfig"; sourceTree = "<group>"; };
		9652EE80952F3C80CE39F6F1 /* Pods-BDDExamplesSwift.release.xcconfig */ = {isa = PBXFileReference; includeInIndex = 1; lastKnownFileType = text.xcconfig; name = "Pods-BDDExamplesSwift.release.xcconfig"; path = "Pods/Target Support Files/Pods-BDDExamplesSwift/Pods-BDDExamplesSwift.release.xcconfig"; sourceTree = "<group>"; };
		B3DAAF5AB69BB0A2920F1C28 /* Pods_BDDExamplesSwiftUITests.framework */ = {isa = PBXFileReference; explicitFileType = wrapper.framework; includeInIndex = 0; path = Pods_BDDExamplesSwiftUITests.framework; sourceTree = BUILT_PRODUCTS_DIR; };
		CE1DF832199DE051B27A2D46 /* Pods-BDDExamplesSwiftTests.debug.xcconfig */ = {isa = PBXFileReference; includeInIndex = 1; lastKnownFileType = text.xcconfig; name = "Pods-BDDExamplesSwiftTests.debug.xcconfig"; path = "Pods/Target Support Files/Pods-BDDExamplesSwiftTests/Pods-BDDExamplesSwiftTests.debug.xcconfig"; sourceTree = "<group>"; };
		D2D995DF1EB03A44004A509A /* EventDescriptionFormatter.swift */ = {isa = PBXFileReference; fileEncoding = 4; lastKnownFileType = sourcecode.swift; name = EventDescriptionFormatter.swift; path = Message/EventDescriptionFormatter.swift; sourceTree = "<group>"; };
		D2D995E11EB048F1004A509A /* EventDescriptionFormatterSpec.swift */ = {isa = PBXFileReference; fileEncoding = 4; lastKnownFileType = sourcecode.swift; path = EventDescriptionFormatterSpec.swift; sourceTree = "<group>"; };
		D2D995E31EB09B1B004A509A /* OCMockHepler.swift */ = {isa = PBXFileReference; fileEncoding = 4; lastKnownFileType = sourcecode.swift; path = OCMockHepler.swift; sourceTree = "<group>"; };
		D2EABB781EB1BF9B00088A73 /* BDDExamplesSwiftTests-Bridging-Header.h */ = {isa = PBXFileReference; lastKnownFileType = sourcecode.c.h; path = "BDDExamplesSwiftTests-Bridging-Header.h"; sourceTree = "<group>"; };
		D2EABB791EB1BF9C00088A73 /* OCMockStubHepler.h */ = {isa = PBXFileReference; fileEncoding = 4; lastKnownFileType = sourcecode.c.h; name = OCMockStubHepler.h; path = Helper/OCMockStubHepler.h; sourceTree = "<group>"; };
		D2EABB7A1EB1BF9C00088A73 /* OCMockStubHepler.m */ = {isa = PBXFileReference; fileEncoding = 4; lastKnownFileType = sourcecode.c.objc; name = OCMockStubHepler.m; path = Helper/OCMockStubHepler.m; sourceTree = "<group>"; };
		D2EABB7D1EB1C01000088A73 /* BDDTest.m */ = {isa = PBXFileReference; fileEncoding = 4; lastKnownFileType = sourcecode.c.objc; path = BDDTest.m; sourceTree = "<group>"; };
		F17536B6FCC9AA010647380F /* Pods-BDDExamplesSwiftUITests.debug.xcconfig */ = {isa = PBXFileReference; includeInIndex = 1; lastKnownFileType = text.xcconfig; name = "Pods-BDDExamplesSwiftUITests.debug.xcconfig"; path = "Pods/Target Support Files/Pods-BDDExamplesSwiftUITests/Pods-BDDExamplesSwiftUITests.debug.xcconfig"; sourceTree = "<group>"; };
/* End PBXFileReference section */

/* Begin PBXFrameworksBuildPhase section */
		84994F0F1EAE385C00B0E1FD /* Frameworks */ = {
			isa = PBXFrameworksBuildPhase;
			buildActionMask = 2147483647;
			files = (
				DF3A7218FCD9F79C04A7BDB1 /* Pods_BDDExamplesSwift.framework in Frameworks */,
			);
			runOnlyForDeploymentPostprocessing = 0;
		};
		84994F231EAE385D00B0E1FD /* Frameworks */ = {
			isa = PBXFrameworksBuildPhase;
			buildActionMask = 2147483647;
			files = (
				E3F23BA268BCEE6A8D3F33A2 /* Pods_BDDExamplesSwiftTests.framework in Frameworks */,
			);
			runOnlyForDeploymentPostprocessing = 0;
		};
		84994F3A1EAEC16800B0E1FD /* Frameworks */ = {
			isa = PBXFrameworksBuildPhase;
			buildActionMask = 2147483647;
			files = (
				7B83CF380B50F2432F36016F /* Pods_BDDExamplesSwiftUITests.framework in Frameworks */,
			);
			runOnlyForDeploymentPostprocessing = 0;
		};
/* End PBXFrameworksBuildPhase section */

/* Begin PBXGroup section */
		219950CC314D38233B19DD4A /* Pods */ = {
			isa = PBXGroup;
			children = (
				4EFE760DB2822F3FFEDE3BD9 /* Pods-BDDExamplesSwift.debug.xcconfig */,
				9652EE80952F3C80CE39F6F1 /* Pods-BDDExamplesSwift.release.xcconfig */,
				CE1DF832199DE051B27A2D46 /* Pods-BDDExamplesSwiftTests.debug.xcconfig */,
				5F0B1F94855C6984FB418B89 /* Pods-BDDExamplesSwiftTests.release.xcconfig */,
				F17536B6FCC9AA010647380F /* Pods-BDDExamplesSwiftUITests.debug.xcconfig */,
				89816BFED850B069827DA5FC /* Pods-BDDExamplesSwiftUITests.release.xcconfig */,
			);
			name = Pods;
			sourceTree = "<group>";
		};
		84994F091EAE385C00B0E1FD = {
			isa = PBXGroup;
			children = (
				84994F471EAEC66B00B0E1FD /* README.md */,
				84994F141EAE385C00B0E1FD /* BDDExamplesSwift */,
				84994F291EAE385D00B0E1FD /* BDDExamplesSwiftTests */,
				84994F3E1EAEC16800B0E1FD /* BDDExamplesSwiftUITests */,
				84994F131EAE385C00B0E1FD /* Products */,
				219950CC314D38233B19DD4A /* Pods */,
				D562EBB19FB0811626CDA049 /* Frameworks */,
			);
			sourceTree = "<group>";
		};
		84994F131EAE385C00B0E1FD /* Products */ = {
			isa = PBXGroup;
			children = (
				84994F121EAE385C00B0E1FD /* BDDExamplesSwift.app */,
				84994F261EAE385D00B0E1FD /* BDDExamplesSwiftTests.xctest */,
				84994F3D1EAEC16800B0E1FD /* BDDExamplesSwiftUITests.xctest */,
			);
			name = Products;
			sourceTree = "<group>";
		};
		84994F141EAE385C00B0E1FD /* BDDExamplesSwift */ = {
			isa = PBXGroup;
			children = (
				84994F371EAE38A100B0E1FD /* Bar Button Item */,
				84994F361EAE388A00B0E1FD /* Messsage Formatter */,
				84994F351EAE387300B0E1FD /* Login View Controller */,
				84994F151EAE385C00B0E1FD /* AppDelegate.swift */,
				84994F171EAE385C00B0E1FD /* ViewController.swift */,
				84994F191EAE385C00B0E1FD /* Main.storyboard */,
				84994F1C1EAE385C00B0E1FD /* Assets.xcassets */,
				84994F1E1EAE385C00B0E1FD /* LaunchScreen.storyboard */,
				84994F211EAE385C00B0E1FD /* Info.plist */,
			);
			path = BDDExamplesSwift;
			sourceTree = "<group>";
		};
		84994F291EAE385D00B0E1FD /* BDDExamplesSwiftTests */ = {
			isa = PBXGroup;
			children = (
				D2EABB7C1EB1BFA300088A73 /* Hepler */,
				84994F2A1EAE385D00B0E1FD /* BDDExamplesSwiftTests.swift */,
				84994F2C1EAE385D00B0E1FD /* Info.plist */,
				D2D995E11EB048F1004A509A /* EventDescriptionFormatterSpec.swift */,
				D2EABB7D1EB1C01000088A73 /* BDDTest.m */,
			);
			path = BDDExamplesSwiftTests;
			sourceTree = "<group>";
		};
		84994F351EAE387300B0E1FD /* Login View Controller */ = {
			isa = PBXGroup;
			children = (
				84994F4C1EAF961D00B0E1FD /* SignInViewController.swift */,
			);
			name = "Login View Controller";
			sourceTree = "<group>";
		};
		84994F361EAE388A00B0E1FD /* Messsage Formatter */ = {
			isa = PBXGroup;
			children = (
				D2D995DF1EB03A44004A509A /* EventDescriptionFormatter.swift */,
			);
			name = "Messsage Formatter";
			sourceTree = "<group>";
		};
		84994F371EAE38A100B0E1FD /* Bar Button Item */ = {
			isa = PBXGroup;
			children = (
			);
			name = "Bar Button Item";
			sourceTree = "<group>";
		};
		84994F3E1EAEC16800B0E1FD /* BDDExamplesSwiftUITests */ = {
			isa = PBXGroup;
			children = (
				84994F3F1EAEC16800B0E1FD /* BDDExamplesSwiftUITests.swift */,
				84994F411EAEC16800B0E1FD /* Info.plist */,
			);
			path = BDDExamplesSwiftUITests;
			sourceTree = "<group>";
		};
		D2EABB7C1EB1BFA300088A73 /* Hepler */ = {
			isa = PBXGroup;
			children = (
				D2D995E31EB09B1B004A509A /* OCMockHepler.swift */,
				D2EABB791EB1BF9C00088A73 /* OCMockStubHepler.h */,
				D2EABB7A1EB1BF9C00088A73 /* OCMockStubHepler.m */,
				D2EABB781EB1BF9B00088A73 /* BDDExamplesSwiftTests-Bridging-Header.h */,
			);
			name = Hepler;
			sourceTree = "<group>";
		};
		D562EBB19FB0811626CDA049 /* Frameworks */ = {
			isa = PBXGroup;
			children = (
				513062BC355969D2767CD102 /* Pods_BDDExamplesSwift.framework */,
				0E2B362CD1F8E3502D127921 /* Pods_BDDExamplesSwiftTests.framework */,
				B3DAAF5AB69BB0A2920F1C28 /* Pods_BDDExamplesSwiftUITests.framework */,
			);
			name = Frameworks;
			sourceTree = "<group>";
		};
/* End PBXGroup section */

/* Begin PBXNativeTarget section */
		84994F111EAE385C00B0E1FD /* BDDExamplesSwift */ = {
			isa = PBXNativeTarget;
			buildConfigurationList = 84994F2F1EAE385D00B0E1FD /* Build configuration list for PBXNativeTarget "BDDExamplesSwift" */;
			buildPhases = (
				7F7959AAD5B4DE4288C016A1 /* [CP] Check Pods Manifest.lock */,
				84994F0E1EAE385C00B0E1FD /* Sources */,
				84994F0F1EAE385C00B0E1FD /* Frameworks */,
				84994F101EAE385C00B0E1FD /* Resources */,
				ACBFD7253A2C76428487C4B8 /* [CP] Embed Pods Frameworks */,
				85CC4FDE70F3101C4F6414BA /* [CP] Copy Pods Resources */,
			);
			buildRules = (
			);
			dependencies = (
			);
			name = BDDExamplesSwift;
			productName = BDDExamplesSwift;
			productReference = 84994F121EAE385C00B0E1FD /* BDDExamplesSwift.app */;
			productType = "com.apple.product-type.application";
		};
		84994F251EAE385D00B0E1FD /* BDDExamplesSwiftTests */ = {
			isa = PBXNativeTarget;
			buildConfigurationList = 84994F321EAE385D00B0E1FD /* Build configuration list for PBXNativeTarget "BDDExamplesSwiftTests" */;
			buildPhases = (
				AB5C98BC8B7E078E9C1233A9 /* [CP] Check Pods Manifest.lock */,
				84994F221EAE385D00B0E1FD /* Sources */,
				84994F231EAE385D00B0E1FD /* Frameworks */,
				84994F241EAE385D00B0E1FD /* Resources */,
				46FA6480DED4E17EE2FF64DC /* [CP] Embed Pods Frameworks */,
				C01F6114AC099D785121A984 /* [CP] Copy Pods Resources */,
			);
			buildRules = (
			);
			dependencies = (
				84994F281EAE385D00B0E1FD /* PBXTargetDependency */,
			);
			name = BDDExamplesSwiftTests;
			productName = BDDExamplesSwiftTests;
			productReference = 84994F261EAE385D00B0E1FD /* BDDExamplesSwiftTests.xctest */;
			productType = "com.apple.product-type.bundle.unit-test";
		};
		84994F3C1EAEC16800B0E1FD /* BDDExamplesSwiftUITests */ = {
			isa = PBXNativeTarget;
			buildConfigurationList = 84994F461EAEC16900B0E1FD /* Build configuration list for PBXNativeTarget "BDDExamplesSwiftUITests" */;
			buildPhases = (
				0DC11A24CBF321C9D0785BF6 /* [CP] Check Pods Manifest.lock */,
				84994F391EAEC16800B0E1FD /* Sources */,
				84994F3A1EAEC16800B0E1FD /* Frameworks */,
				84994F3B1EAEC16800B0E1FD /* Resources */,
				5504B7910BB7A3BCB76336D1 /* [CP] Embed Pods Frameworks */,
				A2C722A4AB12951E1B224CED /* [CP] Copy Pods Resources */,
			);
			buildRules = (
			);
			dependencies = (
				84994F431EAEC16800B0E1FD /* PBXTargetDependency */,
			);
			name = BDDExamplesSwiftUITests;
			productName = BDDExamplesSwiftUITests;
			productReference = 84994F3D1EAEC16800B0E1FD /* BDDExamplesSwiftUITests.xctest */;
			productType = "com.apple.product-type.bundle.ui-testing";
		};
/* End PBXNativeTarget section */

/* Begin PBXProject section */
		84994F0A1EAE385C00B0E1FD /* Project object */ = {
			isa = PBXProject;
			attributes = {
				LastSwiftUpdateCheck = 0830;
				LastUpgradeCheck = 0830;
				ORGANIZATIONNAME = huoshuguang;
				TargetAttributes = {
					84994F111EAE385C00B0E1FD = {
						CreatedOnToolsVersion = 8.3.2;
						DevelopmentTeam = FA78T6VRG8;
						ProvisioningStyle = Automatic;
					};
					84994F251EAE385D00B0E1FD = {
						CreatedOnToolsVersion = 8.3.2;
						LastSwiftMigration = 0820;
						ProvisioningStyle = Automatic;
						TestTargetID = 84994F111EAE385C00B0E1FD;
					};
					84994F3C1EAEC16800B0E1FD = {
						CreatedOnToolsVersion = 8.3.2;
						DevelopmentTeam = ZX5MM38NWV;
						ProvisioningStyle = Automatic;
						TestTargetID = 84994F111EAE385C00B0E1FD;
					};
				};
			};
			buildConfigurationList = 84994F0D1EAE385C00B0E1FD /* Build configuration list for PBXProject "BDDExamplesSwift" */;
			compatibilityVersion = "Xcode 3.2";
			developmentRegion = English;
			hasScannedForEncodings = 0;
			knownRegions = (
				en,
				Base,
			);
			mainGroup = 84994F091EAE385C00B0E1FD;
			productRefGroup = 84994F131EAE385C00B0E1FD /* Products */;
			projectDirPath = "";
			projectRoot = "";
			targets = (
				84994F111EAE385C00B0E1FD /* BDDExamplesSwift */,
				84994F251EAE385D00B0E1FD /* BDDExamplesSwiftTests */,
				84994F3C1EAEC16800B0E1FD /* BDDExamplesSwiftUITests */,
			);
		};
/* End PBXProject section */

/* Begin PBXResourcesBuildPhase section */
		84994F101EAE385C00B0E1FD /* Resources */ = {
			isa = PBXResourcesBuildPhase;
			buildActionMask = 2147483647;
			files = (
				84994F201EAE385C00B0E1FD /* LaunchScreen.storyboard in Resources */,
				84994F1D1EAE385C00B0E1FD /* Assets.xcassets in Resources */,
				84994F1B1EAE385C00B0E1FD /* Main.storyboard in Resources */,
			);
			runOnlyForDeploymentPostprocessing = 0;
		};
		84994F241EAE385D00B0E1FD /* Resources */ = {
			isa = PBXResourcesBuildPhase;
			buildActionMask = 2147483647;
			files = (
			);
			runOnlyForDeploymentPostprocessing = 0;
		};
		84994F3B1EAEC16800B0E1FD /* Resources */ = {
			isa = PBXResourcesBuildPhase;
			buildActionMask = 2147483647;
			files = (
			);
			runOnlyForDeploymentPostprocessing = 0;
		};
/* End PBXResourcesBuildPhase section */

/* Begin PBXShellScriptBuildPhase section */
		0DC11A24CBF321C9D0785BF6 /* [CP] Check Pods Manifest.lock */ = {
			isa = PBXShellScriptBuildPhase;
			buildActionMask = 2147483647;
			files = (
			);
			inputPaths = (
			);
			name = "[CP] Check Pods Manifest.lock";
			outputPaths = (
			);
			runOnlyForDeploymentPostprocessing = 0;
			shellPath = /bin/sh;
			shellScript = "diff \"${PODS_ROOT}/../Podfile.lock\" \"${PODS_ROOT}/Manifest.lock\" > /dev/null\nif [ $? != 0 ] ; then\n    # print error to STDERR\n    echo \"error: The sandbox is not in sync with the Podfile.lock. Run 'pod install' or update your CocoaPods installation.\" >&2\n    exit 1\nfi\n";
			showEnvVarsInLog = 0;
		};
		46FA6480DED4E17EE2FF64DC /* [CP] Embed Pods Frameworks */ = {
			isa = PBXShellScriptBuildPhase;
			buildActionMask = 2147483647;
			files = (
			);
			inputPaths = (
			);
			name = "[CP] Embed Pods Frameworks";
			outputPaths = (
			);
			runOnlyForDeploymentPostprocessing = 0;
			shellPath = /bin/sh;
			shellScript = "\"${SRCROOT}/Pods/Target Support Files/Pods-BDDExamplesSwiftTests/Pods-BDDExamplesSwiftTests-frameworks.sh\"\n";
			showEnvVarsInLog = 0;
		};
		5504B7910BB7A3BCB76336D1 /* [CP] Embed Pods Frameworks */ = {
			isa = PBXShellScriptBuildPhase;
			buildActionMask = 2147483647;
			files = (
			);
			inputPaths = (
			);
			name = "[CP] Embed Pods Frameworks";
			outputPaths = (
			);
			runOnlyForDeploymentPostprocessing = 0;
			shellPath = /bin/sh;
			shellScript = "\"${SRCROOT}/Pods/Target Support Files/Pods-BDDExamplesSwiftUITests/Pods-BDDExamplesSwiftUITests-frameworks.sh\"\n";
			showEnvVarsInLog = 0;
		};
		7F7959AAD5B4DE4288C016A1 /* [CP] Check Pods Manifest.lock */ = {
			isa = PBXShellScriptBuildPhase;
			buildActionMask = 2147483647;
			files = (
			);
			inputPaths = (
			);
			name = "[CP] Check Pods Manifest.lock";
			outputPaths = (
			);
			runOnlyForDeploymentPostprocessing = 0;
			shellPath = /bin/sh;
			shellScript = "diff \"${PODS_ROOT}/../Podfile.lock\" \"${PODS_ROOT}/Manifest.lock\" > /dev/null\nif [ $? != 0 ] ; then\n    # print error to STDERR\n    echo \"error: The sandbox is not in sync with the Podfile.lock. Run 'pod install' or update your CocoaPods installation.\" >&2\n    exit 1\nfi\n";
			showEnvVarsInLog = 0;
		};
		85CC4FDE70F3101C4F6414BA /* [CP] Copy Pods Resources */ = {
			isa = PBXShellScriptBuildPhase;
			buildActionMask = 2147483647;
			files = (
			);
			inputPaths = (
			);
			name = "[CP] Copy Pods Resources";
			outputPaths = (
			);
			runOnlyForDeploymentPostprocessing = 0;
			shellPath = /bin/sh;
			shellScript = "\"${SRCROOT}/Pods/Target Support Files/Pods-BDDExamplesSwift/Pods-BDDExamplesSwift-resources.sh\"\n";
			showEnvVarsInLog = 0;
		};
		A2C722A4AB12951E1B224CED /* [CP] Copy Pods Resources */ = {
			isa = PBXShellScriptBuildPhase;
			buildActionMask = 2147483647;
			files = (
			);
			inputPaths = (
			);
			name = "[CP] Copy Pods Resources";
			outputPaths = (
			);
			runOnlyForDeploymentPostprocessing = 0;
			shellPath = /bin/sh;
			shellScript = "\"${SRCROOT}/Pods/Target Support Files/Pods-BDDExamplesSwiftUITests/Pods-BDDExamplesSwiftUITests-resources.sh\"\n";
			showEnvVarsInLog = 0;
		};
		AB5C98BC8B7E078E9C1233A9 /* [CP] Check Pods Manifest.lock */ = {
			isa = PBXShellScriptBuildPhase;
			buildActionMask = 2147483647;
			files = (
			);
			inputPaths = (
			);
			name = "[CP] Check Pods Manifest.lock";
			outputPaths = (
			);
			runOnlyForDeploymentPostprocessing = 0;
			shellPath = /bin/sh;
			shellScript = "diff \"${PODS_ROOT}/../Podfile.lock\" \"${PODS_ROOT}/Manifest.lock\" > /dev/null\nif [ $? != 0 ] ; then\n    # print error to STDERR\n    echo \"error: The sandbox is not in sync with the Podfile.lock. Run 'pod install' or update your CocoaPods installation.\" >&2\n    exit 1\nfi\n";
			showEnvVarsInLog = 0;
		};
		ACBFD7253A2C76428487C4B8 /* [CP] Embed Pods Frameworks */ = {
			isa = PBXShellScriptBuildPhase;
			buildActionMask = 2147483647;
			files = (
			);
			inputPaths = (
			);
			name = "[CP] Embed Pods Frameworks";
			outputPaths = (
			);
			runOnlyForDeploymentPostprocessing = 0;
			shellPath = /bin/sh;
			shellScript = "\"${SRCROOT}/Pods/Target Support Files/Pods-BDDExamplesSwift/Pods-BDDExamplesSwift-frameworks.sh\"\n";
			showEnvVarsInLog = 0;
		};
		C01F6114AC099D785121A984 /* [CP] Copy Pods Resources */ = {
			isa = PBXShellScriptBuildPhase;
			buildActionMask = 2147483647;
			files = (
			);
			inputPaths = (
			);
			name = "[CP] Copy Pods Resources";
			outputPaths = (
			);
			runOnlyForDeploymentPostprocessing = 0;
			shellPath = /bin/sh;
			shellScript = "\"${SRCROOT}/Pods/Target Support Files/Pods-BDDExamplesSwiftTests/Pods-BDDExamplesSwiftTests-resources.sh\"\n";
			showEnvVarsInLog = 0;
		};
/* End PBXShellScriptBuildPhase section */

/* Begin PBXSourcesBuildPhase section */
		84994F0E1EAE385C00B0E1FD /* Sources */ = {
			isa = PBXSourcesBuildPhase;
			buildActionMask = 2147483647;
			files = (
				D2D995E01EB03A45004A509A /* EventDescriptionFormatter.swift in Sources */,
				84994F4D1EAF961D00B0E1FD /* SignInViewController.swift in Sources */,
				84994F181EAE385C00B0E1FD /* ViewController.swift in Sources */,
				84994F161EAE385C00B0E1FD /* AppDelegate.swift in Sources */,
			);
			runOnlyForDeploymentPostprocessing = 0;
		};
		84994F221EAE385D00B0E1FD /* Sources */ = {
			isa = PBXSourcesBuildPhase;
			buildActionMask = 2147483647;
			files = (
				84994F2B1EAE385D00B0E1FD /* BDDExamplesSwiftTests.swift in Sources */,
				D2D995E41EB09B1C004A509A /* OCMockHepler.swift in Sources */,
				D2D995E21EB048F1004A509A /* EventDescriptionFormatterSpec.swift in Sources */,
				D2EABB7E1EB1C01000088A73 /* BDDTest.m in Sources */,
				D2EABB7B1EB1BF9C00088A73 /* OCMockStubHepler.m in Sources */,
			);
			runOnlyForDeploymentPostprocessing = 0;
		};
		84994F391EAEC16800B0E1FD /* Sources */ = {
			isa = PBXSourcesBuildPhase;
			buildActionMask = 2147483647;
			files = (
				84994F401EAEC16800B0E1FD /* BDDExamplesSwiftUITests.swift in Sources */,
			);
			runOnlyForDeploymentPostprocessing = 0;
		};
/* End PBXSourcesBuildPhase section */

/* Begin PBXTargetDependency section */
		84994F281EAE385D00B0E1FD /* PBXTargetDependency */ = {
			isa = PBXTargetDependency;
			target = 84994F111EAE385C00B0E1FD /* BDDExamplesSwift */;
			targetProxy = 84994F271EAE385D00B0E1FD /* PBXContainerItemProxy */;
		};
		84994F431EAEC16800B0E1FD /* PBXTargetDependency */ = {
			isa = PBXTargetDependency;
			target = 84994F111EAE385C00B0E1FD /* BDDExamplesSwift */;
			targetProxy = 84994F421EAEC16800B0E1FD /* PBXContainerItemProxy */;
		};
/* End PBXTargetDependency section */

/* Begin PBXVariantGroup section */
		84994F191EAE385C00B0E1FD /* Main.storyboard */ = {
			isa = PBXVariantGroup;
			children = (
				84994F1A1EAE385C00B0E1FD /* Base */,
			);
			name = Main.storyboard;
			sourceTree = "<group>";
		};
		84994F1E1EAE385C00B0E1FD /* LaunchScreen.storyboard */ = {
			isa = PBXVariantGroup;
			children = (
				84994F1F1EAE385C00B0E1FD /* Base */,
			);
			name = LaunchScreen.storyboard;
			sourceTree = "<group>";
		};
/* End PBXVariantGroup section */

/* Begin XCBuildConfiguration section */
		84994F2D1EAE385D00B0E1FD /* Debug */ = {
			isa = XCBuildConfiguration;
			buildSettings = {
				ALWAYS_SEARCH_USER_PATHS = NO;
				CLANG_ANALYZER_NONNULL = YES;
				CLANG_ANALYZER_NUMBER_OBJECT_CONVERSION = YES_AGGRESSIVE;
				CLANG_CXX_LANGUAGE_STANDARD = "gnu++0x";
				CLANG_CXX_LIBRARY = "libc++";
				CLANG_ENABLE_MODULES = YES;
				CLANG_ENABLE_OBJC_ARC = YES;
				CLANG_WARN_BOOL_CONVERSION = YES;
				CLANG_WARN_CONSTANT_CONVERSION = YES;
				CLANG_WARN_DIRECT_OBJC_ISA_USAGE = YES_ERROR;
				CLANG_WARN_DOCUMENTATION_COMMENTS = YES;
				CLANG_WARN_EMPTY_BODY = YES;
				CLANG_WARN_ENUM_CONVERSION = YES;
				CLANG_WARN_INFINITE_RECURSION = YES;
				CLANG_WARN_INT_CONVERSION = YES;
				CLANG_WARN_OBJC_ROOT_CLASS = YES_ERROR;
				CLANG_WARN_SUSPICIOUS_MOVE = YES;
				CLANG_WARN_UNREACHABLE_CODE = YES;
				CLANG_WARN__DUPLICATE_METHOD_MATCH = YES;
				"CODE_SIGN_IDENTITY[sdk=iphoneos*]" = "iPhone Developer";
				COPY_PHASE_STRIP = NO;
				DEBUG_INFORMATION_FORMAT = dwarf;
				ENABLE_STRICT_OBJC_MSGSEND = YES;
				ENABLE_TESTABILITY = YES;
				GCC_C_LANGUAGE_STANDARD = gnu99;
				GCC_DYNAMIC_NO_PIC = NO;
				GCC_NO_COMMON_BLOCKS = YES;
				GCC_OPTIMIZATION_LEVEL = 0;
				GCC_PREPROCESSOR_DEFINITIONS = (
					"DEBUG=1",
					"$(inherited)",
				);
				GCC_WARN_64_TO_32_BIT_CONVERSION = YES;
				GCC_WARN_ABOUT_RETURN_TYPE = YES_ERROR;
				GCC_WARN_UNDECLARED_SELECTOR = YES;
				GCC_WARN_UNINITIALIZED_AUTOS = YES_AGGRESSIVE;
				GCC_WARN_UNUSED_FUNCTION = YES;
				GCC_WARN_UNUSED_VARIABLE = YES;
				IPHONEOS_DEPLOYMENT_TARGET = 10.3;
				MTL_ENABLE_DEBUG_INFO = YES;
				ONLY_ACTIVE_ARCH = YES;
				SDKROOT = iphoneos;
				SWIFT_ACTIVE_COMPILATION_CONDITIONS = DEBUG;
				SWIFT_OPTIMIZATION_LEVEL = "-Onone";
				TARGETED_DEVICE_FAMILY = "1,2";
			};
			name = Debug;
		};
		84994F2E1EAE385D00B0E1FD /* Release */ = {
			isa = XCBuildConfiguration;
			buildSettings = {
				ALWAYS_SEARCH_USER_PATHS = NO;
				CLANG_ANALYZER_NONNULL = YES;
				CLANG_ANALYZER_NUMBER_OBJECT_CONVERSION = YES_AGGRESSIVE;
				CLANG_CXX_LANGUAGE_STANDARD = "gnu++0x";
				CLANG_CXX_LIBRARY = "libc++";
				CLANG_ENABLE_MODULES = YES;
				CLANG_ENABLE_OBJC_ARC = YES;
				CLANG_WARN_BOOL_CONVERSION = YES;
				CLANG_WARN_CONSTANT_CONVERSION = YES;
				CLANG_WARN_DIRECT_OBJC_ISA_USAGE = YES_ERROR;
				CLANG_WARN_DOCUMENTATION_COMMENTS = YES;
				CLANG_WARN_EMPTY_BODY = YES;
				CLANG_WARN_ENUM_CONVERSION = YES;
				CLANG_WARN_INFINITE_RECURSION = YES;
				CLANG_WARN_INT_CONVERSION = YES;
				CLANG_WARN_OBJC_ROOT_CLASS = YES_ERROR;
				CLANG_WARN_SUSPICIOUS_MOVE = YES;
				CLANG_WARN_UNREACHABLE_CODE = YES;
				CLANG_WARN__DUPLICATE_METHOD_MATCH = YES;
				"CODE_SIGN_IDENTITY[sdk=iphoneos*]" = "iPhone Developer";
				COPY_PHASE_STRIP = NO;
				DEBUG_INFORMATION_FORMAT = "dwarf-with-dsym";
				ENABLE_NS_ASSERTIONS = NO;
				ENABLE_STRICT_OBJC_MSGSEND = YES;
				GCC_C_LANGUAGE_STANDARD = gnu99;
				GCC_NO_COMMON_BLOCKS = YES;
				GCC_WARN_64_TO_32_BIT_CONVERSION = YES;
				GCC_WARN_ABOUT_RETURN_TYPE = YES_ERROR;
				GCC_WARN_UNDECLARED_SELECTOR = YES;
				GCC_WARN_UNINITIALIZED_AUTOS = YES_AGGRESSIVE;
				GCC_WARN_UNUSED_FUNCTION = YES;
				GCC_WARN_UNUSED_VARIABLE = YES;
				IPHONEOS_DEPLOYMENT_TARGET = 10.3;
				MTL_ENABLE_DEBUG_INFO = NO;
				SDKROOT = iphoneos;
				SWIFT_OPTIMIZATION_LEVEL = "-Owholemodule";
				TARGETED_DEVICE_FAMILY = "1,2";
				VALIDATE_PRODUCT = YES;
			};
			name = Release;
		};
		84994F301EAE385D00B0E1FD /* Debug */ = {
			isa = XCBuildConfiguration;
			baseConfigurationReference = 4EFE760DB2822F3FFEDE3BD9 /* Pods-BDDExamplesSwift.debug.xcconfig */;
			buildSettings = {
				ASSETCATALOG_COMPILER_APPICON_NAME = AppIcon;
				"CODE_SIGN_IDENTITY[sdk=iphoneos*]" = "iPhone Developer";
				DEVELOPMENT_TEAM = FA78T6VRG8;
				INFOPLIST_FILE = BDDExamplesSwift/Info.plist;
				IPHONEOS_DEPLOYMENT_TARGET = 9.0;
				LD_RUNPATH_SEARCH_PATHS = "$(inherited) @executable_path/Frameworks";
				PRODUCT_BUNDLE_IDENTIFIER = hsg.pyc.com.cn.ShareWXQQ;
				PRODUCT_NAME = "$(TARGET_NAME)";
				PROVISIONING_PROFILE_SPECIFIER = "";
				SWIFT_VERSION = 3.0;
			};
			name = Debug;
		};
		84994F311EAE385D00B0E1FD /* Release */ = {
			isa = XCBuildConfiguration;
			baseConfigurationReference = 9652EE80952F3C80CE39F6F1 /* Pods-BDDExamplesSwift.release.xcconfig */;
			buildSettings = {
				ASSETCATALOG_COMPILER_APPICON_NAME = AppIcon;
				"CODE_SIGN_IDENTITY[sdk=iphoneos*]" = "iPhone Developer";
				DEVELOPMENT_TEAM = FA78T6VRG8;
				INFOPLIST_FILE = BDDExamplesSwift/Info.plist;
				IPHONEOS_DEPLOYMENT_TARGET = 9.0;
				LD_RUNPATH_SEARCH_PATHS = "$(inherited) @executable_path/Frameworks";
				PRODUCT_BUNDLE_IDENTIFIER = hsg.pyc.com.cn.ShareWXQQ;
				PRODUCT_NAME = "$(TARGET_NAME)";
				PROVISIONING_PROFILE_SPECIFIER = "";
				SWIFT_VERSION = 3.0;
			};
			name = Release;
		};
		84994F331EAE385D00B0E1FD /* Debug */ = {
			isa = XCBuildConfiguration;
			baseConfigurationReference = CE1DF832199DE051B27A2D46 /* Pods-BDDExamplesSwiftTests.debug.xcconfig */;
			buildSettings = {
				ALWAYS_EMBED_SWIFT_STANDARD_LIBRARIES = YES;
				BUNDLE_LOADER = "$(TEST_HOST)";
				CLANG_ENABLE_MODULES = YES;
				INFOPLIST_FILE = BDDExamplesSwiftTests/Info.plist;
				LD_RUNPATH_SEARCH_PATHS = "$(inherited) @executable_path/Frameworks @loader_path/Frameworks";
				PRODUCT_BUNDLE_IDENTIFIER = com.Layer.Animations.BDDExamplesSwiftTests;
				PRODUCT_NAME = "$(TARGET_NAME)";
				SWIFT_OBJC_BRIDGING_HEADER = "BDDExamplesSwiftTests/BDDExamplesSwiftTests-Bridging-Header.h";
				SWIFT_OPTIMIZATION_LEVEL = "-Onone";
				SWIFT_VERSION = 3.0;
				TEST_HOST = "$(BUILT_PRODUCTS_DIR)/BDDExamplesSwift.app/BDDExamplesSwift";
			};
			name = Debug;
		};
		84994F341EAE385D00B0E1FD /* Release */ = {
			isa = XCBuildConfiguration;
			baseConfigurationReference = 5F0B1F94855C6984FB418B89 /* Pods-BDDExamplesSwiftTests.release.xcconfig */;
			buildSettings = {
				ALWAYS_EMBED_SWIFT_STANDARD_LIBRARIES = YES;
				BUNDLE_LOADER = "$(TEST_HOST)";
				CLANG_ENABLE_MODULES = YES;
				INFOPLIST_FILE = BDDExamplesSwiftTests/Info.plist;
				LD_RUNPATH_SEARCH_PATHS = "$(inherited) @executable_path/Frameworks @loader_path/Frameworks";
				PRODUCT_BUNDLE_IDENTIFIER = com.Layer.Animations.BDDExamplesSwiftTests;
				PRODUCT_NAME = "$(TARGET_NAME)";
				SWIFT_OBJC_BRIDGING_HEADER = "BDDExamplesSwiftTests/BDDExamplesSwiftTests-Bridging-Header.h";
				SWIFT_VERSION = 3.0;
				TEST_HOST = "$(BUILT_PRODUCTS_DIR)/BDDExamplesSwift.app/BDDExamplesSwift";
			};
			name = Release;
		};
		84994F441EAEC16800B0E1FD /* Debug */ = {
			isa = XCBuildConfiguration;
			baseConfigurationReference = F17536B6FCC9AA010647380F /* Pods-BDDExamplesSwiftUITests.debug.xcconfig */;
			buildSettings = {
				"CODE_SIGN_IDENTITY[sdk=iphoneos*]" = "iPhone Developer";
				DEVELOPMENT_TEAM = ZX5MM38NWV;
				INFOPLIST_FILE = BDDExamplesSwiftUITests/Info.plist;
				LD_RUNPATH_SEARCH_PATHS = "$(inherited) @executable_path/Frameworks @loader_path/Frameworks";
				PRODUCT_BUNDLE_IDENTIFIER = com.Layer.Animations.BDDExamplesSwiftUITests;
				PRODUCT_NAME = "$(TARGET_NAME)";
				PROVISIONING_PROFILE_SPECIFIER = "";
				SWIFT_VERSION = 3.0;
				TEST_TARGET_NAME = BDDExamplesSwift;
			};
			name = Debug;
		};
		84994F451EAEC16800B0E1FD /* Release */ = {
			isa = XCBuildConfiguration;
			baseConfigurationReference = 89816BFED850B069827DA5FC /* Pods-BDDExamplesSwiftUITests.release.xcconfig */;
			buildSettings = {
				"CODE_SIGN_IDENTITY[sdk=iphoneos*]" = "iPhone Developer";
				DEVELOPMENT_TEAM = ZX5MM38NWV;
				INFOPLIST_FILE = BDDExamplesSwiftUITests/Info.plist;
				LD_RUNPATH_SEARCH_PATHS = "$(inherited) @executable_path/Frameworks @loader_path/Frameworks";
				PRODUCT_BUNDLE_IDENTIFIER = com.Layer.Animations.BDDExamplesSwiftUITests;
				PRODUCT_NAME = "$(TARGET_NAME)";
				PROVISIONING_PROFILE_SPECIFIER = "";
				SWIFT_VERSION = 3.0;
				TEST_TARGET_NAME = BDDExamplesSwift;
			};
			name = Release;
		};
/* End XCBuildConfiguration section */

/* Begin XCConfigurationList section */
		84994F0D1EAE385C00B0E1FD /* Build configuration list for PBXProject "BDDExamplesSwift" */ = {
			isa = XCConfigurationList;
			buildConfigurations = (
				84994F2D1EAE385D00B0E1FD /* Debug */,
				84994F2E1EAE385D00B0E1FD /* Release */,
			);
			defaultConfigurationIsVisible = 0;
			defaultConfigurationName = Release;
		};
		84994F2F1EAE385D00B0E1FD /* Build configuration list for PBXNativeTarget "BDDExamplesSwift" */ = {
			isa = XCConfigurationList;
			buildConfigurations = (
				84994F301EAE385D00B0E1FD /* Debug */,
				84994F311EAE385D00B0E1FD /* Release */,
			);
			defaultConfigurationIsVisible = 0;
			defaultConfigurationName = Release;
		};
		84994F321EAE385D00B0E1FD /* Build configuration list for PBXNativeTarget "BDDExamplesSwiftTests" */ = {
			isa = XCConfigurationList;
			buildConfigurations = (
				84994F331EAE385D00B0E1FD /* Debug */,
				84994F341EAE385D00B0E1FD /* Release */,
			);
			defaultConfigurationIsVisible = 0;
			defaultConfigurationName = Release;
		};
		84994F461EAEC16900B0E1FD /* Build configuration list for PBXNativeTarget "BDDExamplesSwiftUITests" */ = {
			isa = XCConfigurationList;
			buildConfigurations = (
				84994F441EAEC16800B0E1FD /* Debug */,
				84994F451EAEC16800B0E1FD /* Release */,
			);
			defaultConfigurationIsVisible = 0;
			defaultConfigurationName = Release;
		};
/* End XCConfigurationList section */
	};
	rootObject = 84994F0A1EAE385C00B0E1FD /* Project object */;
}
